
Microsoft Visual Studio Solution File, Format Version 12.00
# Visual Studio Version 16
VisualStudioVersion = 16.0.31129.286
MinimumVisualStudioVersion = 10.0.40219.1
Project("{FAE04EC0-301F-11D3-BF4B-00C04F79EFBC}") = "GuzelSozlerim", "GuzelSozlerim\GuzelSozlerim.csproj", "{D16D2418-6338-4A73-AA54-6179148F8BA4}"
EndProject
Global
	GlobalSection(SolutionConfigurationPlatforms) = preSolution
		Debug|Any CPU = Debug|Any CPU
		Release|Any CPU = Release|Any CPU
	EndGlobalSection
	GlobalSection(ProjectConfigurationPlatforms) = postSolution
		{D16D2418-6338-4A73-AA54-6179148F8BA4}.Debug|Any CPU.ActiveCfg = Debug|Any CPU
		{D16D2418-6338-4A73-AA54-6179148F8BA4}.Debug|Any CPU.Build.0 = Debug|Any CPU
		{D16D2418-6338-4A73-AA54-6179148F8BA4}.Release|Any CPU.ActiveCfg = Release|Any CPU
		{D16D2418-6338-4A73-AA54-6179148F8BA4}.Release|Any CPU.Build.0 = Release|Any CPU
	EndGlobalSection
	GlobalSection(SolutionProperties) = preSolution
		HideSolutionNode = FALSE
	EndGlobalSection
	GlobalSection(ExtensibilityGlobals) = postSolution
		SolutionGuid = {14809EB0-BD92-4EBE-8143-FFF223CF6BDC}
	EndGlobalSection
EndGlobal
